
Microsoft Visual Studio Solution File, Format Version 12.00
# Visual Studio Version 17
VisualStudioVersion = 17.5.33530.505
MinimumVisualStudioVersion = 10.0.40219.1
Project("{8BC9CEB8-8B4A-11D0-8D11-00A0C91BC942}") = "midExam", "midExam\midExam.vcxproj", "{49B4F7A4-C6A1-4B78-A47B-98B4B9F4FFE6}"
EndProject
Global
	GlobalSection(SolutionConfigurationPlatforms) = preSolution
		Debug|x64 = Debug|x64
		Debug|x86 = Debug|x86
		Release|x64 = Release|x64
		Release|x86 = Release|x86
	EndGlobalSection
	GlobalSection(ProjectConfigurationPlatforms) = postSolution
		{49B4F7A4-C6A1-4B78-A47B-98B4B9F4FFE6}.Debug|x64.ActiveCfg = Debug|x64
		{49B4F7A4-C6A1-4B78-A47B-98B4B9F4FFE6}.Debug|x64.Build.0 = Debug|x64
		{49B4F7A4-C6A1-4B78-A47B-98B4B9F4FFE6}.Debug|x86.ActiveCfg = Debug|Win32
		{49B4F7A4-C6A1-4B78-A47B-98B4B9F4FFE6}.Debug|x86.Build.0 = Debug|Win32
		{49B4F7A4-C6A1-4B78-A47B-98B4B9F4FFE6}.Release|x64.ActiveCfg = Release|x64
		{49B4F7A4-C6A1-4B78-A47B-98B4B9F4FFE6}.Release|x64.Build.0 = Release|x64
		{49B4F7A4-C6A1-4B78-A47B-98B4B9F4FFE6}.Release|x86.ActiveCfg = Release|Win32
		{49B4F7A4-C6A1-4B78-A47B-98B4B9F4FFE6}.Release|x86.Build.0 = Release|Win32
	EndGlobalSection
	GlobalSection(SolutionProperties) = preSolution
		HideSolutionNode = FALSE
	EndGlobalSection
	GlobalSection(ExtensibilityGlobals) = postSolution
		SolutionGuid = {0772C0A4-0E13-488B-84CB-24712ECC249E}
	EndGlobalSection
EndGlobal
